# This file is autogenerated, do not edit; changes may be undone by the next 'dep ensure'.


[[projects]]
  name = "github.com/aws/aws-lambda-go"
  packages = ["events","lambda","lambda/handlertrace","lambda/messages","lambdacontext"]
  revision = "eebb9958b0b4c19edcfdff58326d0bf40e8ddf6b"
  version = "v1.19.0"

[[projects]]
  name = "github.com/aws/aws-sdk-go"
  packages = ["aws","aws/awserr","aws/awsutil","aws/client","aws/client/metadata","aws/corehandlers","aws/credentials","aws/credentials/ec2rolecreds","aws/credentials/endpointcreds","aws/credentials/processcreds","aws/credentials/stscreds","aws/csm","aws/defaults","aws/ec2metadata","aws/endpoints","aws/request","aws/session","aws/signer/v4","internal/context","internal/ini","internal/sdkio","internal/sdkmath","internal/sdkrand","internal/sdkuri","internal/shareddefaults","internal/strings","internal/sync/singleflight","private/protocol","private/protocol/json/jsonutil","private/protocol/jsonrpc","private/protocol/query","private/protocol/query/queryutil","private/protocol/rest","private/protocol/xml/xmlutil","service/rekognition","service/sts","service/sts/stsiface"]
  revision = "ae9b9fd92af132cfd8d879809d8611825ba135f4"
  version = "v1.34.0"

[[projects]]
  name = "github.com/jmespath/go-jmespath"
  packages = ["."]
  revision = "c2b33e84"

[solve-meta]
  analyzer-name = "dep"
  analyzer-version = 1
  inputs-digest = "54d35ed26aa94070c5b1f4c37bb6cf4211af85e0f261620822d01908c21a66aa"
  solver-name = "gps-cdcl"
  solver-version = 1
